// !$*UTF8*$!
{
	archiveVersion = 1;
	classes = {
	};
	objectVersion = 46;
	objects = {

/* Begin PBXBuildFile section */
		03D04D291BACFA8400885AC6 /* DatabaseClass.swift in Sources */ = {isa = PBXBuildFile; fileRef = 03D04D281BACFA8400885AC6 /* DatabaseClass.swift */; };
		FA5ABE9C1BC268F000D64F90 /* jyankenController.swift in Sources */ = {isa = PBXBuildFile; fileRef = FA5ABE9B1BC268F000D64F90 /* jyankenController.swift */; settings = {ASSET_TAGS = (); }; };
		FA939D301BC3E92A00BA04D2 /* BossViewController.swift in Sources */ = {isa = PBXBuildFile; fileRef = FA939D2F1BC3E92A00BA04D2 /* BossViewController.swift */; settings = {ASSET_TAGS = (); }; };
		FA939D341BC6397300BA04D2 /* SwiftyJSON.swift in Sources */ = {isa = PBXBuildFile; fileRef = FA939D331BC6397300BA04D2 /* SwiftyJSON.swift */; settings = {ASSET_TAGS = (); }; };
		FA939D361BC6511100BA04D2 /* question.json in Resources */ = {isa = PBXBuildFile; fileRef = FA939D351BC6511100BA04D2 /* question.json */; settings = {ASSET_TAGS = (); }; };
		FA9B7D6F1BA66D05003DB632 /* AppDelegate.swift in Sources */ = {isa = PBXBuildFile; fileRef = FA9B7D6E1BA66D05003DB632 /* AppDelegate.swift */; };
		FA9B7D721BA66D05003DB632 /* literacy_2015ogaki.xcdatamodeld in Sources */ = {isa = PBXBuildFile; fileRef = FA9B7D701BA66D05003DB632 /* literacy_2015ogaki.xcdatamodeld */; };
		FA9B7D741BA66D05003DB632 /* ViewController.swift in Sources */ = {isa = PBXBuildFile; fileRef = FA9B7D731BA66D05003DB632 /* ViewController.swift */; };
		FA9B7D771BA66D05003DB632 /* Main.storyboard in Resources */ = {isa = PBXBuildFile; fileRef = FA9B7D751BA66D05003DB632 /* Main.storyboard */; };
		FA9B7D791BA66D05003DB632 /* Images.xcassets in Resources */ = {isa = PBXBuildFile; fileRef = FA9B7D781BA66D05003DB632 /* Images.xcassets */; };
		FA9B7D7C1BA66D05003DB632 /* LaunchScreen.xib in Resources */ = {isa = PBXBuildFile; fileRef = FA9B7D7A1BA66D05003DB632 /* LaunchScreen.xib */; };
		FA9B7D881BA66D05003DB632 /* literacy_2015ogakiTests.swift in Sources */ = {isa = PBXBuildFile; fileRef = FA9B7D871BA66D05003DB632 /* literacy_2015ogakiTests.swift */; };
/* End PBXBuildFile section */

/* Begin PBXContainerItemProxy section */
		FA9B7D821BA66D05003DB632 /* PBXContainerItemProxy */ = {
			isa = PBXContainerItemProxy;
			containerPortal = FA9B7D611BA66D05003DB632 /* Project object */;
			proxyType = 1;
			remoteGlobalIDString = FA9B7D681BA66D05003DB632;
			remoteInfo = literacy_2015ogaki;
		};
/* End PBXContainerItemProxy section */

/* Begin PBXFileReference section */
		03D04D281BACFA8400885AC6 /* DatabaseClass.swift */ = {isa = PBXFileReference; fileEncoding = 4; lastKnownFileType = sourcecode.swift; name = DatabaseClass.swift; path = ../DatabaseClass.swift; sourceTree = "<group>"; };
		FA5ABE9B1BC268F000D64F90 /* jyankenController.swift */ = {isa = PBXFileReference; fileEncoding = 4; lastKnownFileType = sourcecode.swift; path = jyankenController.swift; sourceTree = "<group>"; };
		FA939D2F1BC3E92A00BA04D2 /* BossViewController.swift */ = {isa = PBXFileReference; fileEncoding = 4; lastKnownFileType = sourcecode.swift; path = BossViewController.swift; sourceTree = "<group>"; };
		FA939D331BC6397300BA04D2 /* SwiftyJSON.swift */ = {isa = PBXFileReference; fileEncoding = 4; lastKnownFileType = sourcecode.swift; path = SwiftyJSON.swift; sourceTree = "<group>"; };
		FA939D351BC6511100BA04D2 /* question.json */ = {isa = PBXFileReference; fileEncoding = 4; lastKnownFileType = text.json; path = question.json; sourceTree = "<group>"; };
		FA9B7D691BA66D05003DB632 /* literacy_2015ogaki.app */ = {isa = PBXFileReference; explicitFileType = wrapper.application; includeInIndex = 0; path = literacy_2015ogaki.app; sourceTree = BUILT_PRODUCTS_DIR; };
		FA9B7D6D1BA66D05003DB632 /* Info.plist */ = {isa = PBXFileReference; lastKnownFileType = text.plist.xml; path = Info.plist; sourceTree = "<group>"; };
		FA9B7D6E1BA66D05003DB632 /* AppDelegate.swift */ = {isa = PBXFileReference; lastKnownFileType = sourcecode.swift; path = AppDelegate.swift; sourceTree = "<group>"; };
		FA9B7D711BA66D05003DB632 /* literacy_2015ogaki.xcdatamodel */ = {isa = PBXFileReference; lastKnownFileType = wrapper.xcdatamodel; path = literacy_2015ogaki.xcdatamodel; sourceTree = "<group>"; };
		FA9B7D731BA66D05003DB632 /* ViewController.swift */ = {isa = PBXFileReference; lastKnownFileType = sourcecode.swift; path = ViewController.swift; sourceTree = "<group>"; };
		FA9B7D761BA66D05003DB632 /* Base */ = {isa = PBXFileReference; lastKnownFileType = file.storyboard; name = Base; path = Base.lproj/Main.storyboard; sourceTree = "<group>"; };
		FA9B7D781BA66D05003DB632 /* Images.xcassets */ = {isa = PBXFileReference; lastKnownFileType = folder.assetcatalog; path = Images.xcassets; sourceTree = "<group>"; };
		FA9B7D7B1BA66D05003DB632 /* Base */ = {isa = PBXFileReference; lastKnownFileType = file.xib; name = Base; path = Base.lproj/LaunchScreen.xib; sourceTree = "<group>"; };
		FA9B7D811BA66D05003DB632 /* literacy_2015ogakiTests.xctest */ = {isa = PBXFileReference; explicitFileType = wrapper.cfbundle; includeInIndex = 0; path = literacy_2015ogakiTests.xctest; sourceTree = BUILT_PRODUCTS_DIR; };
		FA9B7D861BA66D05003DB632 /* Info.plist */ = {isa = PBXFileReference; lastKnownFileType = text.plist.xml; path = Info.plist; sourceTree = "<group>"; };
		FA9B7D871BA66D05003DB632 /* literacy_2015ogakiTests.swift */ = {isa = PBXFileReference; lastKnownFileType = sourcecode.swift; path = literacy_2015ogakiTests.swift; sourceTree = "<group>"; };
/* End PBXFileReference section */

/* Begin PBXFrameworksBuildPhase section */
		FA9B7D661BA66D05003DB632 /* Frameworks */ = {
			isa = PBXFrameworksBuildPhase;
			buildActionMask = 2147483647;
			files = (
			);
			runOnlyForDeploymentPostprocessing = 0;
		};
		FA9B7D7E1BA66D05003DB632 /* Frameworks */ = {
			isa = PBXFrameworksBuildPhase;
			buildActionMask = 2147483647;
			files = (
			);
			runOnlyForDeploymentPostprocessing = 0;
		};
/* End PBXFrameworksBuildPhase section */

/* Begin PBXGroup section */
		FA9B7D601BA66D05003DB632 = {
			isa = PBXGroup;
			children = (
				FA9B7D6B1BA66D05003DB632 /* literacy_2015ogaki */,
				FA9B7D841BA66D05003DB632 /* literacy_2015ogakiTests */,
				FA9B7D6A1BA66D05003DB632 /* Products */,
			);
			sourceTree = "<group>";
		};
		FA9B7D6A1BA66D05003DB632 /* Products */ = {
			isa = PBXGroup;
			children = (
				FA9B7D691BA66D05003DB632 /* literacy_2015ogaki.app */,
				FA9B7D811BA66D05003DB632 /* literacy_2015ogakiTests.xctest */,
			);
			name = Products;
			sourceTree = "<group>";
		};
		FA9B7D6B1BA66D05003DB632 /* literacy_2015ogaki */ = {
			isa = PBXGroup;
			children = (
				FA9B7D6E1BA66D05003DB632 /* AppDelegate.swift */,
				FA9B7D731BA66D05003DB632 /* ViewController.swift */,
				FA5ABE9B1BC268F000D64F90 /* jyankenController.swift */,
				FA939D2F1BC3E92A00BA04D2 /* BossViewController.swift */,
				03D04D281BACFA8400885AC6 /* DatabaseClass.swift */,
				FA9B7D751BA66D05003DB632 /* Main.storyboard */,
				FA939D331BC6397300BA04D2 /* SwiftyJSON.swift */,
				FA939D351BC6511100BA04D2 /* question.json */,
				FA9B7D781BA66D05003DB632 /* Images.xcassets */,
				FA9B7D7A1BA66D05003DB632 /* LaunchScreen.xib */,
				FA9B7D701BA66D05003DB632 /* literacy_2015ogaki.xcdatamodeld */,
				FA9B7D6C1BA66D05003DB632 /* Supporting Files */,
			);
			path = literacy_2015ogaki;
			sourceTree = "<group>";
		};
		FA9B7D6C1BA66D05003DB632 /* Supporting Files */ = {
			isa = PBXGroup;
			children = (
				FA9B7D6D1BA66D05003DB632 /* Info.plist */,
			);
			name = "Supporting Files";
			sourceTree = "<group>";
		};
		FA9B7D841BA66D05003DB632 /* literacy_2015ogakiTests */ = {
			isa = PBXGroup;
			children = (
				FA9B7D871BA66D05003DB632 /* literacy_2015ogakiTests.swift */,
				FA9B7D851BA66D05003DB632 /* Supporting Files */,
			);
			path = literacy_2015ogakiTests;
			sourceTree = "<group>";
		};
		FA9B7D851BA66D05003DB632 /* Supporting Files */ = {
			isa = PBXGroup;
			children = (
				FA9B7D861BA66D05003DB632 /* Info.plist */,
			);
			name = "Supporting Files";
			sourceTree = "<group>";
		};
/* End PBXGroup section */

/* Begin PBXNativeTarget section */
		FA9B7D681BA66D05003DB632 /* literacy_2015ogaki */ = {
			isa = PBXNativeTarget;
			buildConfigurationList = FA9B7D8B1BA66D05003DB632 /* Build configuration list for PBXNativeTarget "literacy_2015ogaki" */;
			buildPhases = (
				FA9B7D651BA66D05003DB632 /* Sources */,
				FA9B7D661BA66D05003DB632 /* Frameworks */,
				FA9B7D671BA66D05003DB632 /* Resources */,
			);
			buildRules = (
			);
			dependencies = (
			);
			name = literacy_2015ogaki;
			productName = literacy_2015ogaki;
			productReference = FA9B7D691BA66D05003DB632 /* literacy_2015ogaki.app */;
			productType = "com.apple.product-type.application";
		};
		FA9B7D801BA66D05003DB632 /* literacy_2015ogakiTests */ = {
			isa = PBXNativeTarget;
			buildConfigurationList = FA9B7D8E1BA66D05003DB632 /* Build configuration list for PBXNativeTarget "literacy_2015ogakiTests" */;
			buildPhases = (
				FA9B7D7D1BA66D05003DB632 /* Sources */,
				FA9B7D7E1BA66D05003DB632 /* Frameworks */,
				FA9B7D7F1BA66D05003DB632 /* Resources */,
			);
			buildRules = (
			);
			dependencies = (
				FA9B7D831BA66D05003DB632 /* PBXTargetDependency */,
			);
			name = literacy_2015ogakiTests;
			productName = literacy_2015ogakiTests;
			productReference = FA9B7D811BA66D05003DB632 /* literacy_2015ogakiTests.xctest */;
			productType = "com.apple.product-type.bundle.unit-test";
		};
/* End PBXNativeTarget section */

/* Begin PBXProject section */
		FA9B7D611BA66D05003DB632 /* Project object */ = {
			isa = PBXProject;
			attributes = {
				LastSwiftUpdateCheck = 0700;
				LastUpgradeCheck = 0640;
				ORGANIZATIONNAME = "Nishinaka Tomoki";
				TargetAttributes = {
					FA9B7D681BA66D05003DB632 = {
						CreatedOnToolsVersion = 6.4;
						DevelopmentTeam = 8589MH68KB;
					};
					FA9B7D801BA66D05003DB632 = {
						CreatedOnToolsVersion = 6.4;
						TestTargetID = FA9B7D681BA66D05003DB632;
					};
				};
			};
			buildConfigurationList = FA9B7D641BA66D05003DB632 /* Build configuration list for PBXProject "literacy_2015ogaki" */;
			compatibilityVersion = "Xcode 3.2";
			developmentRegion = English;
			hasScannedForEncodings = 0;
			knownRegions = (
				en,
				Base,
			);
			mainGroup = FA9B7D601BA66D05003DB632;
			productRefGroup = FA9B7D6A1BA66D05003DB632 /* Products */;
			projectDirPath = "";
			projectRoot = "";
			targets = (
				FA9B7D681BA66D05003DB632 /* literacy_2015ogaki */,
				FA9B7D801BA66D05003DB632 /* literacy_2015ogakiTests */,
			);
		};
/* End PBXProject section */

/* Begin PBXResourcesBuildPhase section */
		FA9B7D671BA66D05003DB632 /* Resources */ = {
			isa = PBXResourcesBuildPhase;
			buildActionMask = 2147483647;
			files = (
				FA9B7D771BA66D05003DB632 /* Main.storyboard in Resources */,
				FA939D361BC6511100BA04D2 /* question.json in Resources */,
				FA9B7D7C1BA66D05003DB632 /* LaunchScreen.xib in Resources */,
				FA9B7D791BA66D05003DB632 /* Images.xcassets in Resources */,
			);
			runOnlyForDeploymentPostprocessing = 0;
		};
		FA9B7D7F1BA66D05003DB632 /* Resources */ = {
			isa = PBXResourcesBuildPhase;
			buildActionMask = 2147483647;
			files = (
			);
			runOnlyForDeploymentPostprocessing = 0;
		};
/* End PBXResourcesBuildPhase section */

/* Begin PBXSourcesBuildPhase section */
		FA9B7D651BA66D05003DB632 /* Sources */ = {
			isa = PBXSourcesBuildPhase;
			buildActionMask = 2147483647;
			files = (
				FA5ABE9C1BC268F000D64F90 /* jyankenController.swift in Sources */,
				FA9B7D741BA66D05003DB632 /* ViewController.swift in Sources */,
				03D04D291BACFA8400885AC6 /* DatabaseClass.swift in Sources */,
				FA9B7D721BA66D05003DB632 /* literacy_2015ogaki.xcdatamodeld in Sources */,
				FA9B7D6F1BA66D05003DB632 /* AppDelegate.swift in Sources */,
				FA939D341BC6397300BA04D2 /* SwiftyJSON.swift in Sources */,
				FA939D301BC3E92A00BA04D2 /* BossViewController.swift in Sources */,
			);
			runOnlyForDeploymentPostprocessing = 0;
		};
		FA9B7D7D1BA66D05003DB632 /* Sources */ = {
			isa = PBXSourcesBuildPhase;
			buildActionMask = 2147483647;
			files = (
				FA9B7D881BA66D05003DB632 /* literacy_2015ogakiTests.swift in Sources */,
			);
			runOnlyForDeploymentPostprocessing = 0;
		};
/* End PBXSourcesBuildPhase section */

/* Begin PBXTargetDependency section */
		FA9B7D831BA66D05003DB632 /* PBXTargetDependency */ = {
			isa = PBXTargetDependency;
			target = FA9B7D681BA66D05003DB632 /* literacy_2015ogaki */;
			targetProxy = FA9B7D821BA66D05003DB632 /* PBXContainerItemProxy */;
		};
/* End PBXTargetDependency section */

/* Begin PBXVariantGroup section */
		FA9B7D751BA66D05003DB632 /* Main.storyboard */ = {
			isa = PBXVariantGroup;
			children = (
				FA9B7D761BA66D05003DB632 /* Base */,
			);
			name = Main.storyboard;
			sourceTree = "<group>";
		};
		FA9B7D7A1BA66D05003DB632 /* LaunchScreen.xib */ = {
			isa = PBXVariantGroup;
			children = (
				FA9B7D7B1BA66D05003DB632 /* Base */,
			);
			name = LaunchScreen.xib;
			sourceTree = "<group>";
		};
/* End PBXVariantGroup section */

/* Begin XCBuildConfiguration section */
		FA9B7D891BA66D05003DB632 /* Debug */ = {
			isa = XCBuildConfiguration;
			buildSettings = {
				ALWAYS_SEARCH_USER_PATHS = NO;
				CLANG_CXX_LANGUAGE_STANDARD = "gnu++0x";
				CLANG_CXX_LIBRARY = "libc++";
				CLANG_ENABLE_MODULES = YES;
				CLANG_ENABLE_OBJC_ARC = YES;
				CLANG_WARN_BOOL_CONVERSION = YES;
				CLANG_WARN_CONSTANT_CONVERSION = YES;
				CLANG_WARN_DIRECT_OBJC_ISA_USAGE = YES_ERROR;
				CLANG_WARN_EMPTY_BODY = YES;
				CLANG_WARN_ENUM_CONVERSION = YES;
				CLANG_WARN_INT_CONVERSION = YES;
				CLANG_WARN_OBJC_ROOT_CLASS = YES_ERROR;
				CLANG_WARN_UNREACHABLE_CODE = YES;
				CLANG_WARN__DUPLICATE_METHOD_MATCH = YES;
				"CODE_SIGN_IDENTITY[sdk=iphoneos*]" = "iPhone Developer";
				COPY_PHASE_STRIP = NO;
				DEBUG_INFORMATION_FORMAT = "dwarf-with-dsym";
				ENABLE_STRICT_OBJC_MSGSEND = YES;
				GCC_C_LANGUAGE_STANDARD = gnu99;
				GCC_DYNAMIC_NO_PIC = NO;
				GCC_NO_COMMON_BLOCKS = YES;
				GCC_OPTIMIZATION_LEVEL = 0;
				GCC_PREPROCESSOR_DEFINITIONS = (
					"DEBUG=1",
					"$(inherited)",
				);
				GCC_SYMBOLS_PRIVATE_EXTERN = NO;
				GCC_WARN_64_TO_32_BIT_CONVERSION = YES;
				GCC_WARN_ABOUT_RETURN_TYPE = YES_ERROR;
				GCC_WARN_UNDECLARED_SELECTOR = YES;
				GCC_WARN_UNINITIALIZED_AUTOS = YES_AGGRESSIVE;
				GCC_WARN_UNUSED_FUNCTION = YES;
				GCC_WARN_UNUSED_VARIABLE = YES;
				IPHONEOS_DEPLOYMENT_TARGET = 8.4;
				MTL_ENABLE_DEBUG_INFO = YES;
				ONLY_ACTIVE_ARCH = YES;
				SDKROOT = iphoneos;
				SWIFT_OPTIMIZATION_LEVEL = "-Onone";
				TARGETED_DEVICE_FAMILY = 2;
			};
			name = Debug;
		};
		FA9B7D8A1BA66D05003DB632 /* Release */ = {
			isa = XCBuildConfiguration;
			buildSettings = {
				ALWAYS_SEARCH_USER_PATHS = NO;
				CLANG_CXX_LANGUAGE_STANDARD = "gnu++0x";
				CLANG_CXX_LIBRARY = "libc++";
				CLANG_ENABLE_MODULES = YES;
				CLANG_ENABLE_OBJC_ARC = YES;
				CLANG_WARN_BOOL_CONVERSION = YES;
				CLANG_WARN_CONSTANT_CONVERSION = YES;
				CLANG_WARN_DIRECT_OBJC_ISA_USAGE = YES_ERROR;
				CLANG_WARN_EMPTY_BODY = YES;
				CLANG_WARN_ENUM_CONVERSION = YES;
				CLANG_WARN_INT_CONVERSION = YES;
				CLANG_WARN_OBJC_ROOT_CLASS = YES_ERROR;
				CLANG_WARN_UNREACHABLE_CODE = YES;
				CLANG_WARN__DUPLICATE_METHOD_MATCH = YES;
				"CODE_SIGN_IDENTITY[sdk=iphoneos*]" = "iPhone Developer";
				COPY_PHASE_STRIP = NO;
				DEBUG_INFORMATION_FORMAT = "dwarf-with-dsym";
				ENABLE_NS_ASSERTIONS = NO;
				ENABLE_STRICT_OBJC_MSGSEND = YES;
				GCC_C_LANGUAGE_STANDARD = gnu99;
				GCC_NO_COMMON_BLOCKS = YES;
				GCC_WARN_64_TO_32_BIT_CONVERSION = YES;
				GCC_WARN_ABOUT_RETURN_TYPE = YES_ERROR;
				GCC_WARN_UNDECLARED_SELECTOR = YES;
				GCC_WARN_UNINITIALIZED_AUTOS = YES_AGGRESSIVE;
				GCC_WARN_UNUSED_FUNCTION = YES;
				GCC_WARN_UNUSED_VARIABLE = YES;
				IPHONEOS_DEPLOYMENT_TARGET = 8.4;
				MTL_ENABLE_DEBUG_INFO = NO;
				SDKROOT = iphoneos;
				TARGETED_DEVICE_FAMILY = 2;
				VALIDATE_PRODUCT = YES;
			};
			name = Release;
		};
		FA9B7D8C1BA66D05003DB632 /* Debug */ = {
			isa = XCBuildConfiguration;
			buildSettings = {
				ASSETCATALOG_COMPILER_APPICON_NAME = AppIcon;
				ASSETCATALOG_COMPILER_LAUNCHIMAGE_NAME = BrandAsset;
				CODE_SIGN_IDENTITY = "iPhone Developer";
				"CODE_SIGN_IDENTITY[sdk=iphoneos*]" = "iPhone Developer";
				INFOPLIST_FILE = literacy_2015ogaki/Info.plist;
				IPHONEOS_DEPLOYMENT_TARGET = 8.4;
				LD_RUNPATH_SEARCH_PATHS = "$(inherited) @executable_path/Frameworks";
				PRODUCT_NAME = "$(TARGET_NAME)";
				PROVISIONING_PROFILE = "";
				TARGETED_DEVICE_FAMILY = 2;
			};
			name = Debug;
		};
		FA9B7D8D1BA66D05003DB632 /* Release */ = {
			isa = XCBuildConfiguration;
			buildSettings = {
				ASSETCATALOG_COMPILER_APPICON_NAME = AppIcon;
				ASSETCATALOG_COMPILER_LAUNCHIMAGE_NAME = BrandAsset;
				CODE_SIGN_IDENTITY = "iPhone Developer";
				"CODE_SIGN_IDENTITY[sdk=iphoneos*]" = "iPhone Developer";
				INFOPLIST_FILE = literacy_2015ogaki/Info.plist;
				IPHONEOS_DEPLOYMENT_TARGET = 8.4;
				LD_RUNPATH_SEARCH_PATHS = "$(inherited) @executable_path/Frameworks";
				PRODUCT_NAME = "$(TARGET_NAME)";
				PROVISIONING_PROFILE = "";
				TARGETED_DEVICE_FAMILY = 2;
			};
			name = Release;
		};
		FA9B7D8F1BA66D05003DB632 /* Debug */ = {
			isa = XCBuildConfiguration;
			buildSettings = {
				BUNDLE_LOADER = "$(TEST_HOST)";
				FRAMEWORK_SEARCH_PATHS = (
					"$(SDKROOT)/Developer/Library/Frameworks",
					"$(inherited)",
				);
				GCC_PREPROCESSOR_DEFINITIONS = (
					"DEBUG=1",
					"$(inherited)",
				);
				INFOPLIST_FILE = literacy_2015ogakiTests/Info.plist;
				LD_RUNPATH_SEARCH_PATHS = "$(inherited) @executable_path/Frameworks @loader_path/Frameworks";
				PRODUCT_NAME = "$(TARGET_NAME)";
				TEST_HOST = "$(BUILT_PRODUCTS_DIR)/literacy_2015ogaki.app/literacy_2015ogaki";
			};
			name = Debug;
		};
		FA9B7D901BA66D05003DB632 /* Release */ = {
			isa = XCBuildConfiguration;
			buildSettings = {
				BUNDLE_LOADER = "$(TEST_HOST)";
				FRAMEWORK_SEARCH_PATHS = (
					"$(SDKROOT)/Developer/Library/Frameworks",
					"$(inherited)",
				);
				INFOPLIST_FILE = literacy_2015ogakiTests/Info.plist;
				LD_RUNPATH_SEARCH_PATHS = "$(inherited) @executable_path/Frameworks @loader_path/Frameworks";
				PRODUCT_NAME = "$(TARGET_NAME)";
				TEST_HOST = "$(BUILT_PRODUCTS_DIR)/literacy_2015ogaki.app/literacy_2015ogaki";
			};
			name = Release;
		};
/* End XCBuildConfiguration section */

/* Begin XCConfigurationList section */
		FA9B7D641BA66D05003DB632 /* Build configuration list for PBXProject "literacy_2015ogaki" */ = {
			isa = XCConfigurationList;
			buildConfigurations = (
				FA9B7D891BA66D05003DB632 /* Debug */,
				FA9B7D8A1BA66D05003DB632 /* Release */,
			);
			defaultConfigurationIsVisible = 0;
			defaultConfigurationName = Release;
		};
		FA9B7D8B1BA66D05003DB632 /* Build configuration list for PBXNativeTarget "literacy_2015ogaki" */ = {
			isa = XCConfigurationList;
			buildConfigurations = (
				FA9B7D8C1BA66D05003DB632 /* Debug */,
				FA9B7D8D1BA66D05003DB632 /* Release */,
			);
			defaultConfigurationIsVisible = 0;
			defaultConfigurationName = Release;
		};
		FA9B7D8E1BA66D05003DB632 /* Build configuration list for PBXNativeTarget "literacy_2015ogakiTests" */ = {
			isa = XCConfigurationList;
			buildConfigurations = (
				FA9B7D8F1BA66D05003DB632 /* Debug */,
				FA9B7D901BA66D05003DB632 /* Release */,
			);
			defaultConfigurationIsVisible = 0;
			defaultConfigurationName = Release;
		};
/* End XCConfigurationList section */

/* Begin XCVersionGroup section */
		FA9B7D701BA66D05003DB632 /* literacy_2015ogaki.xcdatamodeld */ = {
			isa = XCVersionGroup;
			children = (
				FA9B7D711BA66D05003DB632 /* literacy_2015ogaki.xcdatamodel */,
			);
			currentVersion = FA9B7D711BA66D05003DB632 /* literacy_2015ogaki.xcdatamodel */;
			path = literacy_2015ogaki.xcdatamodeld;
			sourceTree = "<group>";
			versionGroupType = wrapper.xcdatamodel;
		};
/* End XCVersionGroup section */
	};
	rootObject = FA9B7D611BA66D05003DB632 /* Project object */;
}
