// !$*UTF8*$!
{
	archiveVersion = 1;
	classes = {
	};
	objectVersion = 46;
	objects = {

/* Begin PBXBuildFile section */
		C02B24091BCCEFA900785E68 /* battle.mp3 in Resources */ = {isa = PBXBuildFile; fileRef = C06895881BCCEEF6000F8BD1 /* battle.mp3 */; };
		C02B240A1BCCEFA900785E68 /* bossbattle.mp3 in Resources */ = {isa = PBXBuildFile; fileRef = C06895891BCCEEF6000F8BD1 /* bossbattle.mp3 */; };
		C02B240B1BCCEFA900785E68 /* bubu.mp3 in Resources */ = {isa = PBXBuildFile; fileRef = C068958A1BCCEEF6000F8BD1 /* bubu.mp3 */; };
		C02B240C1BCCEFA900785E68 /* claer.mp3 in Resources */ = {isa = PBXBuildFile; fileRef = C068958B1BCCEEF6000F8BD1 /* claer.mp3 */; };
		C02B240D1BCCEFA900785E68 /* deru.mp3 in Resources */ = {isa = PBXBuildFile; fileRef = C068958C1BCCEEF6000F8BD1 /* deru.mp3 */; };
		C02B240E1BCCEFA900785E68 /* field_ido.mp3 in Resources */ = {isa = PBXBuildFile; fileRef = C068958D1BCCEEF6000F8BD1 /* field_ido.mp3 */; };
		C02B240F1BCCEFA900785E68 /* field_kaigan.mp3 in Resources */ = {isa = PBXBuildFile; fileRef = C068958E1BCCEEF6000F8BD1 /* field_kaigan.mp3 */; };
		C02B24101BCCEFA900785E68 /* field_makai.mp3 in Resources */ = {isa = PBXBuildFile; fileRef = C068958F1BCCEEF6000F8BD1 /* field_makai.mp3 */; };
		C02B24111BCCEFA900785E68 /* field_mori.mp3 in Resources */ = {isa = PBXBuildFile; fileRef = C06895901BCCEEF6000F8BD1 /* field_mori.mp3 */; };
		C02B24121BCCEFA900785E68 /* field_sabaku.mp3 in Resources */ = {isa = PBXBuildFile; fileRef = C06895911BCCEEF6000F8BD1 /* field_sabaku.mp3 */; };
		C02B24131BCCEFA900785E68 /* field_souden.mp3 in Resources */ = {isa = PBXBuildFile; fileRef = C06895921BCCEEF6000F8BD1 /* field_souden.mp3 */; };
		C02B24141BCCEFA900785E68 /* kaihuku.mp3 in Resources */ = {isa = PBXBuildFile; fileRef = C06895931BCCEEF6000F8BD1 /* kaihuku.mp3 */; };
		C02B24151BCCEFA900785E68 /* make.mp3 in Resources */ = {isa = PBXBuildFile; fileRef = C06895941BCCEEF6000F8BD1 /* make.mp3 */; };
		C02B24161BCCEFA900785E68 /* panti.mp3 in Resources */ = {isa = PBXBuildFile; fileRef = C06895951BCCEEF6000F8BD1 /* panti.mp3 */; };
		C02B24171BCCEFA900785E68 /* seikai.mp3 in Resources */ = {isa = PBXBuildFile; fileRef = C06895961BCCEEF6000F8BD1 /* seikai.mp3 */; };
		C02B24181BCCEFA900785E68 /* seikai2.mp3 in Resources */ = {isa = PBXBuildFile; fileRef = C06895971BCCEEF6000F8BD1 /* seikai2.mp3 */; };
		C02B24191BCCEFA900785E68 /* syutugen.mp3 in Resources */ = {isa = PBXBuildFile; fileRef = C06895981BCCEEF6000F8BD1 /* syutugen.mp3 */; };
		C06855321BCB56F500BCA977 /* DatabaseClass.swift in Sources */ = {isa = PBXBuildFile; fileRef = C06855311BCB56F500BCA977 /* DatabaseClass.swift */; };
		C06895811BCCEAFE000F8BD1 /* AVFoundation.framework in Frameworks */ = {isa = PBXBuildFile; fileRef = C06895801BCCEAFE000F8BD1 /* AVFoundation.framework */; };
		C06895871BCCEE67000F8BD1 /* AudioToolbox.framework in Frameworks */ = {isa = PBXBuildFile; fileRef = C06895861BCCEE67000F8BD1 /* AudioToolbox.framework */; };
		C0CFA7651BCC09D60086F7D1 /* SwiftyJSON.swift in Sources */ = {isa = PBXBuildFile; fileRef = C0CFA7641BCC09D60086F7D1 /* SwiftyJSON.swift */; settings = {ASSET_TAGS = (); }; };
		C0CFA7671BCC09F20086F7D1 /* Sound.swift in Sources */ = {isa = PBXBuildFile; fileRef = C0CFA7661BCC09F20086F7D1 /* Sound.swift */; settings = {ASSET_TAGS = (); }; };
		C0CFA7691BCC0A040086F7D1 /* select.swift in Sources */ = {isa = PBXBuildFile; fileRef = C0CFA7681BCC0A040086F7D1 /* select.swift */; settings = {ASSET_TAGS = (); }; };
		C0CFA76B1BCC0A520086F7D1 /* BossViewController.swift in Sources */ = {isa = PBXBuildFile; fileRef = C0CFA76A1BCC0A520086F7D1 /* BossViewController.swift */; settings = {ASSET_TAGS = (); }; };
		C0CFA76D1BCC0A6C0086F7D1 /* jyankenController.swift in Sources */ = {isa = PBXBuildFile; fileRef = C0CFA76C1BCC0A6C0086F7D1 /* jyankenController.swift */; settings = {ASSET_TAGS = (); }; };
		C0CFA76F1BCC15450086F7D1 /* question.json in Resources */ = {isa = PBXBuildFile; fileRef = C0CFA76E1BCC15450086F7D1 /* question.json */; settings = {ASSET_TAGS = (); }; };
		C0DD12031BB3EDF30078B4C5 /* CoreLocation.framework in Frameworks */ = {isa = PBXBuildFile; fileRef = C0DD12021BB3EDF30078B4C5 /* CoreLocation.framework */; };
		C0DFDD641BC2C38E000444A3 /* questViewController.swift in Sources */ = {isa = PBXBuildFile; fileRef = C0DFDD631BC2C38E000444A3 /* questViewController.swift */; };
		FA5A37C61BCE3D410008C7D6 /* kagi.png in Resources */ = {isa = PBXBuildFile; fileRef = FA5A37C51BCE3D410008C7D6 /* kagi.png */; settings = {ASSET_TAGS = (); }; };
		FA5A37C81BCE3D650008C7D6 /* 死亡メイン(70下げ).png in Resources */ = {isa = PBXBuildFile; fileRef = FA5A37C71BCE3D650008C7D6 /* 死亡メイン(70下げ).png */; settings = {ASSET_TAGS = (); }; };
		FA7DF8FB1BCE14A800969853 /* hp_teki.png in Resources */ = {isa = PBXBuildFile; fileRef = FA7DF8F81BCE14A800969853 /* hp_teki.png */; settings = {ASSET_TAGS = (); }; };
		FA7DF8FE1BCE162D00969853 /* hp.png in Resources */ = {isa = PBXBuildFile; fileRef = FA7DF8FD1BCE162D00969853 /* hp.png */; settings = {ASSET_TAGS = (); }; };
		FA7DF9001BCE186000969853 /* hp_mikata.png in Resources */ = {isa = PBXBuildFile; fileRef = FA7DF8FF1BCE186000969853 /* hp_mikata.png */; settings = {ASSET_TAGS = (); }; };
		FA7DF9021BCE314E00969853 /* input.swift in Sources */ = {isa = PBXBuildFile; fileRef = FA7DF9011BCE314E00969853 /* input.swift */; settings = {ASSET_TAGS = (); }; };
		FA939DA71BCD4EFD00BA04D2 /* マップ(50下げ).png in Resources */ = {isa = PBXBuildFile; fileRef = FA939DA41BCD4EFD00BA04D2 /* マップ(50下げ).png */; settings = {ASSET_TAGS = (); }; };
		FA939DA81BCD4EFD00BA04D2 /* マップ(60下げ).png in Resources */ = {isa = PBXBuildFile; fileRef = FA939DA51BCD4EFD00BA04D2 /* マップ(60下げ).png */; settings = {ASSET_TAGS = (); }; };
		FA939DA91BCD4EFD00BA04D2 /* マップ(70下げ).png in Resources */ = {isa = PBXBuildFile; fileRef = FA939DA61BCD4EFD00BA04D2 /* マップ(70下げ).png */; settings = {ASSET_TAGS = (); }; };
		FA9B7D6F1BA66D05003DB632 /* AppDelegate.swift in Sources */ = {isa = PBXBuildFile; fileRef = FA9B7D6E1BA66D05003DB632 /* AppDelegate.swift */; };
		FA9B7D721BA66D05003DB632 /* literacy_2015ogaki.xcdatamodeld in Sources */ = {isa = PBXBuildFile; fileRef = FA9B7D701BA66D05003DB632 /* literacy_2015ogaki.xcdatamodeld */; };
		FA9B7D741BA66D05003DB632 /* ViewController.swift in Sources */ = {isa = PBXBuildFile; fileRef = FA9B7D731BA66D05003DB632 /* ViewController.swift */; };
		FA9B7D771BA66D05003DB632 /* Main.storyboard in Resources */ = {isa = PBXBuildFile; fileRef = FA9B7D751BA66D05003DB632 /* Main.storyboard */; };
		FA9B7D791BA66D05003DB632 /* Images.xcassets in Resources */ = {isa = PBXBuildFile; fileRef = FA9B7D781BA66D05003DB632 /* Images.xcassets */; };
		FA9B7D7C1BA66D05003DB632 /* LaunchScreen.xib in Resources */ = {isa = PBXBuildFile; fileRef = FA9B7D7A1BA66D05003DB632 /* LaunchScreen.xib */; };
		FA9B7D881BA66D05003DB632 /* literacy_2015ogakiTests.swift in Sources */ = {isa = PBXBuildFile; fileRef = FA9B7D871BA66D05003DB632 /* literacy_2015ogakiTests.swift */; };
/* End PBXBuildFile section */

/* Begin PBXContainerItemProxy section */
		FA9B7D821BA66D05003DB632 /* PBXContainerItemProxy */ = {
			isa = PBXContainerItemProxy;
			containerPortal = FA9B7D611BA66D05003DB632 /* Project object */;
			proxyType = 1;
			remoteGlobalIDString = FA9B7D681BA66D05003DB632;
			remoteInfo = literacy_2015ogaki;
		};
/* End PBXContainerItemProxy section */

/* Begin PBXFileReference section */
		C06855311BCB56F500BCA977 /* DatabaseClass.swift */ = {isa = PBXFileReference; fileEncoding = 4; lastKnownFileType = sourcecode.swift; path = DatabaseClass.swift; sourceTree = "<group>"; };
		C06895801BCCEAFE000F8BD1 /* AVFoundation.framework */ = {isa = PBXFileReference; lastKnownFileType = wrapper.framework; name = AVFoundation.framework; path = System/Library/Frameworks/AVFoundation.framework; sourceTree = SDKROOT; };
		C06895841BCCEE1C000F8BD1 /* Foundation.framework */ = {isa = PBXFileReference; lastKnownFileType = wrapper.framework; name = Foundation.framework; path = System/Library/Frameworks/Foundation.framework; sourceTree = SDKROOT; };
		C06895861BCCEE67000F8BD1 /* AudioToolbox.framework */ = {isa = PBXFileReference; lastKnownFileType = wrapper.framework; name = AudioToolbox.framework; path = System/Library/Frameworks/AudioToolbox.framework; sourceTree = SDKROOT; };
		C06895881BCCEEF6000F8BD1 /* battle.mp3 */ = {isa = PBXFileReference; lastKnownFileType = audio.mp3; name = battle.mp3; path = sound/battle.mp3; sourceTree = "<group>"; };
		C06895891BCCEEF6000F8BD1 /* bossbattle.mp3 */ = {isa = PBXFileReference; lastKnownFileType = audio.mp3; name = bossbattle.mp3; path = sound/bossbattle.mp3; sourceTree = "<group>"; };
		C068958A1BCCEEF6000F8BD1 /* bubu.mp3 */ = {isa = PBXFileReference; lastKnownFileType = audio.mp3; name = bubu.mp3; path = sound/bubu.mp3; sourceTree = "<group>"; };
		C068958B1BCCEEF6000F8BD1 /* claer.mp3 */ = {isa = PBXFileReference; lastKnownFileType = audio.mp3; name = claer.mp3; path = sound/claer.mp3; sourceTree = "<group>"; };
		C068958C1BCCEEF6000F8BD1 /* deru.mp3 */ = {isa = PBXFileReference; lastKnownFileType = audio.mp3; name = deru.mp3; path = sound/deru.mp3; sourceTree = "<group>"; };
		C068958D1BCCEEF6000F8BD1 /* field_ido.mp3 */ = {isa = PBXFileReference; lastKnownFileType = audio.mp3; name = field_ido.mp3; path = sound/field_ido.mp3; sourceTree = "<group>"; };
		C068958E1BCCEEF6000F8BD1 /* field_kaigan.mp3 */ = {isa = PBXFileReference; lastKnownFileType = audio.mp3; name = field_kaigan.mp3; path = sound/field_kaigan.mp3; sourceTree = "<group>"; };
		C068958F1BCCEEF6000F8BD1 /* field_makai.mp3 */ = {isa = PBXFileReference; lastKnownFileType = audio.mp3; name = field_makai.mp3; path = sound/field_makai.mp3; sourceTree = "<group>"; };
		C06895901BCCEEF6000F8BD1 /* field_mori.mp3 */ = {isa = PBXFileReference; lastKnownFileType = audio.mp3; name = field_mori.mp3; path = sound/field_mori.mp3; sourceTree = "<group>"; };
		C06895911BCCEEF6000F8BD1 /* field_sabaku.mp3 */ = {isa = PBXFileReference; lastKnownFileType = audio.mp3; name = field_sabaku.mp3; path = sound/field_sabaku.mp3; sourceTree = "<group>"; };
		C06895921BCCEEF6000F8BD1 /* field_souden.mp3 */ = {isa = PBXFileReference; lastKnownFileType = audio.mp3; name = field_souden.mp3; path = sound/field_souden.mp3; sourceTree = "<group>"; };
		C06895931BCCEEF6000F8BD1 /* kaihuku.mp3 */ = {isa = PBXFileReference; lastKnownFileType = audio.mp3; name = kaihuku.mp3; path = sound/kaihuku.mp3; sourceTree = "<group>"; };
		C06895941BCCEEF6000F8BD1 /* make.mp3 */ = {isa = PBXFileReference; lastKnownFileType = audio.mp3; name = make.mp3; path = sound/make.mp3; sourceTree = "<group>"; };
		C06895951BCCEEF6000F8BD1 /* panti.mp3 */ = {isa = PBXFileReference; lastKnownFileType = audio.mp3; name = panti.mp3; path = sound/panti.mp3; sourceTree = "<group>"; };
		C06895961BCCEEF6000F8BD1 /* seikai.mp3 */ = {isa = PBXFileReference; lastKnownFileType = audio.mp3; name = seikai.mp3; path = sound/seikai.mp3; sourceTree = "<group>"; };
		C06895971BCCEEF6000F8BD1 /* seikai2.mp3 */ = {isa = PBXFileReference; lastKnownFileType = audio.mp3; name = seikai2.mp3; path = sound/seikai2.mp3; sourceTree = "<group>"; };
		C06895981BCCEEF6000F8BD1 /* syutugen.mp3 */ = {isa = PBXFileReference; lastKnownFileType = audio.mp3; name = syutugen.mp3; path = sound/syutugen.mp3; sourceTree = "<group>"; };
		C0CFA7641BCC09D60086F7D1 /* SwiftyJSON.swift */ = {isa = PBXFileReference; fileEncoding = 4; lastKnownFileType = sourcecode.swift; path = SwiftyJSON.swift; sourceTree = "<group>"; };
		C0CFA7661BCC09F20086F7D1 /* Sound.swift */ = {isa = PBXFileReference; fileEncoding = 4; lastKnownFileType = sourcecode.swift; path = Sound.swift; sourceTree = "<group>"; };
		C0CFA7681BCC0A040086F7D1 /* select.swift */ = {isa = PBXFileReference; fileEncoding = 4; lastKnownFileType = sourcecode.swift; path = select.swift; sourceTree = "<group>"; };
		C0CFA76A1BCC0A520086F7D1 /* BossViewController.swift */ = {isa = PBXFileReference; fileEncoding = 4; lastKnownFileType = sourcecode.swift; name = BossViewController.swift; path = ../BossViewController.swift; sourceTree = "<group>"; };
		C0CFA76C1BCC0A6C0086F7D1 /* jyankenController.swift */ = {isa = PBXFileReference; fileEncoding = 4; lastKnownFileType = sourcecode.swift; name = jyankenController.swift; path = ../jyankenController.swift; sourceTree = "<group>"; };
		C0CFA76E1BCC15450086F7D1 /* question.json */ = {isa = PBXFileReference; fileEncoding = 4; lastKnownFileType = text.json; path = question.json; sourceTree = "<group>"; };
		C0DD12021BB3EDF30078B4C5 /* CoreLocation.framework */ = {isa = PBXFileReference; lastKnownFileType = wrapper.framework; name = CoreLocation.framework; path = System/Library/Frameworks/CoreLocation.framework; sourceTree = SDKROOT; };
		C0DFDD631BC2C38E000444A3 /* questViewController.swift */ = {isa = PBXFileReference; fileEncoding = 4; lastKnownFileType = sourcecode.swift; path = questViewController.swift; sourceTree = "<group>"; };
		FA5A37C51BCE3D410008C7D6 /* kagi.png */ = {isa = PBXFileReference; lastKnownFileType = image.png; path = kagi.png; sourceTree = "<group>"; };
		FA5A37C71BCE3D650008C7D6 /* 死亡メイン(70下げ).png */ = {isa = PBXFileReference; lastKnownFileType = image.png; path = "死亡メイン(70下げ).png"; sourceTree = "<group>"; };
		FA7DF8F81BCE14A800969853 /* hp_teki.png */ = {isa = PBXFileReference; lastKnownFileType = image.png; path = hp_teki.png; sourceTree = "<group>"; };
		FA7DF8FD1BCE162D00969853 /* hp.png */ = {isa = PBXFileReference; lastKnownFileType = image.png; path = hp.png; sourceTree = "<group>"; };
		FA7DF8FF1BCE186000969853 /* hp_mikata.png */ = {isa = PBXFileReference; lastKnownFileType = image.png; path = hp_mikata.png; sourceTree = "<group>"; };
		FA7DF9011BCE314E00969853 /* input.swift */ = {isa = PBXFileReference; fileEncoding = 4; lastKnownFileType = sourcecode.swift; path = input.swift; sourceTree = "<group>"; };
		FA939DA41BCD4EFD00BA04D2 /* マップ(50下げ).png */ = {isa = PBXFileReference; lastKnownFileType = image.png; path = "マップ(50下げ).png"; sourceTree = "<group>"; };
		FA939DA51BCD4EFD00BA04D2 /* マップ(60下げ).png */ = {isa = PBXFileReference; lastKnownFileType = image.png; path = "マップ(60下げ).png"; sourceTree = "<group>"; };
		FA939DA61BCD4EFD00BA04D2 /* マップ(70下げ).png */ = {isa = PBXFileReference; lastKnownFileType = image.png; path = "マップ(70下げ).png"; sourceTree = "<group>"; };
		FA9B7D691BA66D05003DB632 /* literacy_2015ogaki.app */ = {isa = PBXFileReference; explicitFileType = wrapper.application; includeInIndex = 0; path = literacy_2015ogaki.app; sourceTree = BUILT_PRODUCTS_DIR; };
		FA9B7D6D1BA66D05003DB632 /* Info.plist */ = {isa = PBXFileReference; lastKnownFileType = text.plist.xml; path = Info.plist; sourceTree = "<group>"; };
		FA9B7D6E1BA66D05003DB632 /* AppDelegate.swift */ = {isa = PBXFileReference; lastKnownFileType = sourcecode.swift; path = AppDelegate.swift; sourceTree = "<group>"; };
		FA9B7D711BA66D05003DB632 /* literacy_2015ogaki.xcdatamodel */ = {isa = PBXFileReference; lastKnownFileType = wrapper.xcdatamodel; path = literacy_2015ogaki.xcdatamodel; sourceTree = "<group>"; };
		FA9B7D731BA66D05003DB632 /* ViewController.swift */ = {isa = PBXFileReference; lastKnownFileType = sourcecode.swift; path = ViewController.swift; sourceTree = "<group>"; };
		FA9B7D761BA66D05003DB632 /* Base */ = {isa = PBXFileReference; lastKnownFileType = file.storyboard; name = Base; path = Base.lproj/Main.storyboard; sourceTree = "<group>"; };
		FA9B7D781BA66D05003DB632 /* Images.xcassets */ = {isa = PBXFileReference; lastKnownFileType = folder.assetcatalog; path = Images.xcassets; sourceTree = "<group>"; };
		FA9B7D7B1BA66D05003DB632 /* Base */ = {isa = PBXFileReference; lastKnownFileType = file.xib; name = Base; path = Base.lproj/LaunchScreen.xib; sourceTree = "<group>"; };
		FA9B7D811BA66D05003DB632 /* literacy_2015ogakiTests.xctest */ = {isa = PBXFileReference; explicitFileType = wrapper.cfbundle; includeInIndex = 0; path = literacy_2015ogakiTests.xctest; sourceTree = BUILT_PRODUCTS_DIR; };
		FA9B7D861BA66D05003DB632 /* Info.plist */ = {isa = PBXFileReference; lastKnownFileType = text.plist.xml; path = Info.plist; sourceTree = "<group>"; };
		FA9B7D871BA66D05003DB632 /* literacy_2015ogakiTests.swift */ = {isa = PBXFileReference; lastKnownFileType = sourcecode.swift; path = literacy_2015ogakiTests.swift; sourceTree = "<group>"; };
/* End PBXFileReference section */

/* Begin PBXFrameworksBuildPhase section */
		FA9B7D661BA66D05003DB632 /* Frameworks */ = {
			isa = PBXFrameworksBuildPhase;
			buildActionMask = 2147483647;
			files = (
				C06895811BCCEAFE000F8BD1 /* AVFoundation.framework in Frameworks */,
				C06895871BCCEE67000F8BD1 /* AudioToolbox.framework in Frameworks */,
				C0DD12031BB3EDF30078B4C5 /* CoreLocation.framework in Frameworks */,
			);
			runOnlyForDeploymentPostprocessing = 0;
		};
		FA9B7D7E1BA66D05003DB632 /* Frameworks */ = {
			isa = PBXFrameworksBuildPhase;
			buildActionMask = 2147483647;
			files = (
			);
			runOnlyForDeploymentPostprocessing = 0;
		};
/* End PBXFrameworksBuildPhase section */

/* Begin PBXGroup section */
		FA9B7D601BA66D05003DB632 = {
			isa = PBXGroup;
			children = (
				C06895861BCCEE67000F8BD1 /* AudioToolbox.framework */,
				C06895801BCCEAFE000F8BD1 /* AVFoundation.framework */,
				C0DD12021BB3EDF30078B4C5 /* CoreLocation.framework */,
				C06895841BCCEE1C000F8BD1 /* Foundation.framework */,
				FA9B7D6B1BA66D05003DB632 /* literacy_2015ogaki */,
				FA9B7D841BA66D05003DB632 /* literacy_2015ogakiTests */,
				FA9B7D6A1BA66D05003DB632 /* Products */,
			);
			sourceTree = "<group>";
		};
		FA9B7D6A1BA66D05003DB632 /* Products */ = {
			isa = PBXGroup;
			children = (
				FA9B7D691BA66D05003DB632 /* literacy_2015ogaki.app */,
				FA9B7D811BA66D05003DB632 /* literacy_2015ogakiTests.xctest */,
			);
			name = Products;
			sourceTree = "<group>";
		};
		FA9B7D6B1BA66D05003DB632 /* literacy_2015ogaki */ = {
			isa = PBXGroup;
			children = (
				FA5A37C51BCE3D410008C7D6 /* kagi.png */,
				FA5A37C71BCE3D650008C7D6 /* 死亡メイン(70下げ).png */,
				FA939DA41BCD4EFD00BA04D2 /* マップ(50下げ).png */,
				FA939DA51BCD4EFD00BA04D2 /* マップ(60下げ).png */,
				FA939DA61BCD4EFD00BA04D2 /* マップ(70下げ).png */,
				FA7DF8FF1BCE186000969853 /* hp_mikata.png */,
				FA7DF8F81BCE14A800969853 /* hp_teki.png */,
				FA7DF8FD1BCE162D00969853 /* hp.png */,
				C06895881BCCEEF6000F8BD1 /* battle.mp3 */,
				C06895891BCCEEF6000F8BD1 /* bossbattle.mp3 */,
				C068958A1BCCEEF6000F8BD1 /* bubu.mp3 */,
				C068958B1BCCEEF6000F8BD1 /* claer.mp3 */,
				C068958C1BCCEEF6000F8BD1 /* deru.mp3 */,
				C068958D1BCCEEF6000F8BD1 /* field_ido.mp3 */,
				C068958E1BCCEEF6000F8BD1 /* field_kaigan.mp3 */,
				C068958F1BCCEEF6000F8BD1 /* field_makai.mp3 */,
				C06895901BCCEEF6000F8BD1 /* field_mori.mp3 */,
				C06895911BCCEEF6000F8BD1 /* field_sabaku.mp3 */,
				C06895921BCCEEF6000F8BD1 /* field_souden.mp3 */,
				C06895931BCCEEF6000F8BD1 /* kaihuku.mp3 */,
				C06895941BCCEEF6000F8BD1 /* make.mp3 */,
				C06895951BCCEEF6000F8BD1 /* panti.mp3 */,
				C06895961BCCEEF6000F8BD1 /* seikai.mp3 */,
				C06895971BCCEEF6000F8BD1 /* seikai2.mp3 */,
				C06895981BCCEEF6000F8BD1 /* syutugen.mp3 */,
				FA9B7D6E1BA66D05003DB632 /* AppDelegate.swift */,
				FA9B7D731BA66D05003DB632 /* ViewController.swift */,
				C0DFDD631BC2C38E000444A3 /* questViewController.swift */,
				C06855311BCB56F500BCA977 /* DatabaseClass.swift */,
				FA9B7D751BA66D05003DB632 /* Main.storyboard */,
				C0CFA76A1BCC0A520086F7D1 /* BossViewController.swift */,
				C0CFA76C1BCC0A6C0086F7D1 /* jyankenController.swift */,
				C0CFA7681BCC0A040086F7D1 /* select.swift */,
				FA7DF9011BCE314E00969853 /* input.swift */,
				C0CFA7661BCC09F20086F7D1 /* Sound.swift */,
				C0CFA7641BCC09D60086F7D1 /* SwiftyJSON.swift */,
				C0CFA76E1BCC15450086F7D1 /* question.json */,
				FA9B7D781BA66D05003DB632 /* Images.xcassets */,
				FA9B7D7A1BA66D05003DB632 /* LaunchScreen.xib */,
				FA9B7D701BA66D05003DB632 /* literacy_2015ogaki.xcdatamodeld */,
				FA9B7D6C1BA66D05003DB632 /* Supporting Files */,
			);
			path = literacy_2015ogaki;
			sourceTree = "<group>";
		};
		FA9B7D6C1BA66D05003DB632 /* Supporting Files */ = {
			isa = PBXGroup;
			children = (
				FA9B7D6D1BA66D05003DB632 /* Info.plist */,
			);
			name = "Supporting Files";
			sourceTree = "<group>";
		};
		FA9B7D841BA66D05003DB632 /* literacy_2015ogakiTests */ = {
			isa = PBXGroup;
			children = (
				FA9B7D871BA66D05003DB632 /* literacy_2015ogakiTests.swift */,
				FA9B7D851BA66D05003DB632 /* Supporting Files */,
			);
			path = literacy_2015ogakiTests;
			sourceTree = "<group>";
		};
		FA9B7D851BA66D05003DB632 /* Supporting Files */ = {
			isa = PBXGroup;
			children = (
				FA9B7D861BA66D05003DB632 /* Info.plist */,
			);
			name = "Supporting Files";
			sourceTree = "<group>";
		};
/* End PBXGroup section */

/* Begin PBXNativeTarget section */
		FA9B7D681BA66D05003DB632 /* literacy_2015ogaki */ = {
			isa = PBXNativeTarget;
			buildConfigurationList = FA9B7D8B1BA66D05003DB632 /* Build configuration list for PBXNativeTarget "literacy_2015ogaki" */;
			buildPhases = (
				FA9B7D651BA66D05003DB632 /* Sources */,
				FA9B7D661BA66D05003DB632 /* Frameworks */,
				FA9B7D671BA66D05003DB632 /* Resources */,
			);
			buildRules = (
			);
			dependencies = (
			);
			name = literacy_2015ogaki;
			productName = literacy_2015ogaki;
			productReference = FA9B7D691BA66D05003DB632 /* literacy_2015ogaki.app */;
			productType = "com.apple.product-type.application";
		};
		FA9B7D801BA66D05003DB632 /* literacy_2015ogakiTests */ = {
			isa = PBXNativeTarget;
			buildConfigurationList = FA9B7D8E1BA66D05003DB632 /* Build configuration list for PBXNativeTarget "literacy_2015ogakiTests" */;
			buildPhases = (
				FA9B7D7D1BA66D05003DB632 /* Sources */,
				FA9B7D7E1BA66D05003DB632 /* Frameworks */,
				FA9B7D7F1BA66D05003DB632 /* Resources */,
			);
			buildRules = (
			);
			dependencies = (
				FA9B7D831BA66D05003DB632 /* PBXTargetDependency */,
			);
			name = literacy_2015ogakiTests;
			productName = literacy_2015ogakiTests;
			productReference = FA9B7D811BA66D05003DB632 /* literacy_2015ogakiTests.xctest */;
			productType = "com.apple.product-type.bundle.unit-test";
		};
/* End PBXNativeTarget section */

/* Begin PBXProject section */
		FA9B7D611BA66D05003DB632 /* Project object */ = {
			isa = PBXProject;
			attributes = {
				LastSwiftUpdateCheck = 0700;
				LastUpgradeCheck = 0640;
				ORGANIZATIONNAME = "Nishinaka Tomoki";
				TargetAttributes = {
					FA9B7D681BA66D05003DB632 = {
						CreatedOnToolsVersion = 6.4;
						DevelopmentTeam = 8589MH68KB;
					};
					FA9B7D801BA66D05003DB632 = {
						CreatedOnToolsVersion = 6.4;
						TestTargetID = FA9B7D681BA66D05003DB632;
					};
				};
			};
			buildConfigurationList = FA9B7D641BA66D05003DB632 /* Build configuration list for PBXProject "literacy_2015ogaki" */;
			compatibilityVersion = "Xcode 3.2";
			developmentRegion = English;
			hasScannedForEncodings = 0;
			knownRegions = (
				en,
				Base,
			);
			mainGroup = FA9B7D601BA66D05003DB632;
			productRefGroup = FA9B7D6A1BA66D05003DB632 /* Products */;
			projectDirPath = "";
			projectRoot = "";
			targets = (
				FA9B7D681BA66D05003DB632 /* literacy_2015ogaki */,
				FA9B7D801BA66D05003DB632 /* literacy_2015ogakiTests */,
			);
		};
/* End PBXProject section */

/* Begin PBXResourcesBuildPhase section */
		FA9B7D671BA66D05003DB632 /* Resources */ = {
			isa = PBXResourcesBuildPhase;
			buildActionMask = 2147483647;
			files = (
				C02B24091BCCEFA900785E68 /* battle.mp3 in Resources */,
				FA5A37C81BCE3D650008C7D6 /* 死亡メイン(70下げ).png in Resources */,
				C02B240A1BCCEFA900785E68 /* bossbattle.mp3 in Resources */,
				FA7DF9001BCE186000969853 /* hp_mikata.png in Resources */,
				C02B240B1BCCEFA900785E68 /* bubu.mp3 in Resources */,
				C02B240C1BCCEFA900785E68 /* claer.mp3 in Resources */,
				C02B240D1BCCEFA900785E68 /* deru.mp3 in Resources */,
				C02B240E1BCCEFA900785E68 /* field_ido.mp3 in Resources */,
				FA939DA81BCD4EFD00BA04D2 /* マップ(60下げ).png in Resources */,
				FA939DA91BCD4EFD00BA04D2 /* マップ(70下げ).png in Resources */,
				FA7DF8FE1BCE162D00969853 /* hp.png in Resources */,
				C02B240F1BCCEFA900785E68 /* field_kaigan.mp3 in Resources */,
				C02B24101BCCEFA900785E68 /* field_makai.mp3 in Resources */,
				C02B24111BCCEFA900785E68 /* field_mori.mp3 in Resources */,
				C02B24121BCCEFA900785E68 /* field_sabaku.mp3 in Resources */,
				C02B24131BCCEFA900785E68 /* field_souden.mp3 in Resources */,
				C02B24141BCCEFA900785E68 /* kaihuku.mp3 in Resources */,
				C02B24151BCCEFA900785E68 /* make.mp3 in Resources */,
				C02B24161BCCEFA900785E68 /* panti.mp3 in Resources */,
				C02B24171BCCEFA900785E68 /* seikai.mp3 in Resources */,
				FA5A37C61BCE3D410008C7D6 /* kagi.png in Resources */,
				FA939DA71BCD4EFD00BA04D2 /* マップ(50下げ).png in Resources */,
				C02B24181BCCEFA900785E68 /* seikai2.mp3 in Resources */,
				C02B24191BCCEFA900785E68 /* syutugen.mp3 in Resources */,
				FA7DF8FB1BCE14A800969853 /* hp_teki.png in Resources */,
				FA9B7D771BA66D05003DB632 /* Main.storyboard in Resources */,
				C0CFA76F1BCC15450086F7D1 /* question.json in Resources */,
				FA9B7D7C1BA66D05003DB632 /* LaunchScreen.xib in Resources */,
				FA9B7D791BA66D05003DB632 /* Images.xcassets in Resources */,
			);
			runOnlyForDeploymentPostprocessing = 0;
		};
		FA9B7D7F1BA66D05003DB632 /* Resources */ = {
			isa = PBXResourcesBuildPhase;
			buildActionMask = 2147483647;
			files = (
			);
			runOnlyForDeploymentPostprocessing = 0;
		};
/* End PBXResourcesBuildPhase section */

/* Begin PBXSourcesBuildPhase section */
		FA9B7D651BA66D05003DB632 /* Sources */ = {
			isa = PBXSourcesBuildPhase;
			buildActionMask = 2147483647;
			files = (
				C0CFA76D1BCC0A6C0086F7D1 /* jyankenController.swift in Sources */,
				FA9B7D741BA66D05003DB632 /* ViewController.swift in Sources */,
				C06855321BCB56F500BCA977 /* DatabaseClass.swift in Sources */,
				C0CFA76B1BCC0A520086F7D1 /* BossViewController.swift in Sources */,
				C0CFA7651BCC09D60086F7D1 /* SwiftyJSON.swift in Sources */,
				C0DFDD641BC2C38E000444A3 /* questViewController.swift in Sources */,
				FA9B7D721BA66D05003DB632 /* literacy_2015ogaki.xcdatamodeld in Sources */,
				FA9B7D6F1BA66D05003DB632 /* AppDelegate.swift in Sources */,
				FA7DF9021BCE314E00969853 /* input.swift in Sources */,
				C0CFA7671BCC09F20086F7D1 /* Sound.swift in Sources */,
				C0CFA7691BCC0A040086F7D1 /* select.swift in Sources */,
			);
			runOnlyForDeploymentPostprocessing = 0;
		};
		FA9B7D7D1BA66D05003DB632 /* Sources */ = {
			isa = PBXSourcesBuildPhase;
			buildActionMask = 2147483647;
			files = (
				FA9B7D881BA66D05003DB632 /* literacy_2015ogakiTests.swift in Sources */,
			);
			runOnlyForDeploymentPostprocessing = 0;
		};
/* End PBXSourcesBuildPhase section */

/* Begin PBXTargetDependency section */
		FA9B7D831BA66D05003DB632 /* PBXTargetDependency */ = {
			isa = PBXTargetDependency;
			target = FA9B7D681BA66D05003DB632 /* literacy_2015ogaki */;
			targetProxy = FA9B7D821BA66D05003DB632 /* PBXContainerItemProxy */;
		};
/* End PBXTargetDependency section */

/* Begin PBXVariantGroup section */
		FA9B7D751BA66D05003DB632 /* Main.storyboard */ = {
			isa = PBXVariantGroup;
			children = (
				FA9B7D761BA66D05003DB632 /* Base */,
			);
			name = Main.storyboard;
			sourceTree = "<group>";
		};
		FA9B7D7A1BA66D05003DB632 /* LaunchScreen.xib */ = {
			isa = PBXVariantGroup;
			children = (
				FA9B7D7B1BA66D05003DB632 /* Base */,
			);
			name = LaunchScreen.xib;
			sourceTree = "<group>";
		};
/* End PBXVariantGroup section */

/* Begin XCBuildConfiguration section */
		FA9B7D891BA66D05003DB632 /* Debug */ = {
			isa = XCBuildConfiguration;
			buildSettings = {
				ALWAYS_SEARCH_USER_PATHS = NO;
				CLANG_CXX_LANGUAGE_STANDARD = "gnu++0x";
				CLANG_CXX_LIBRARY = "libc++";
				CLANG_ENABLE_MODULES = YES;
				CLANG_ENABLE_OBJC_ARC = YES;
				CLANG_WARN_BOOL_CONVERSION = YES;
				CLANG_WARN_CONSTANT_CONVERSION = YES;
				CLANG_WARN_DIRECT_OBJC_ISA_USAGE = YES_ERROR;
				CLANG_WARN_EMPTY_BODY = YES;
				CLANG_WARN_ENUM_CONVERSION = YES;
				CLANG_WARN_INT_CONVERSION = YES;
				CLANG_WARN_OBJC_ROOT_CLASS = YES_ERROR;
				CLANG_WARN_UNREACHABLE_CODE = YES;
				CLANG_WARN__DUPLICATE_METHOD_MATCH = YES;
				"CODE_SIGN_IDENTITY[sdk=iphoneos*]" = "iPhone Developer";
				COPY_PHASE_STRIP = NO;
				DEBUG_INFORMATION_FORMAT = "dwarf-with-dsym";
				ENABLE_STRICT_OBJC_MSGSEND = YES;
				GCC_C_LANGUAGE_STANDARD = gnu99;
				GCC_DYNAMIC_NO_PIC = NO;
				GCC_NO_COMMON_BLOCKS = YES;
				GCC_OPTIMIZATION_LEVEL = 0;
				GCC_PREPROCESSOR_DEFINITIONS = (
					"DEBUG=1",
					"$(inherited)",
				);
				GCC_SYMBOLS_PRIVATE_EXTERN = NO;
				GCC_WARN_64_TO_32_BIT_CONVERSION = YES;
				GCC_WARN_ABOUT_RETURN_TYPE = YES_ERROR;
				GCC_WARN_UNDECLARED_SELECTOR = YES;
				GCC_WARN_UNINITIALIZED_AUTOS = YES_AGGRESSIVE;
				GCC_WARN_UNUSED_FUNCTION = YES;
				GCC_WARN_UNUSED_VARIABLE = YES;
				IPHONEOS_DEPLOYMENT_TARGET = 8.4;
				MTL_ENABLE_DEBUG_INFO = YES;
				ONLY_ACTIVE_ARCH = YES;
				SDKROOT = iphoneos;
				SWIFT_OPTIMIZATION_LEVEL = "-Onone";
				TARGETED_DEVICE_FAMILY = 2;
			};
			name = Debug;
		};
		FA9B7D8A1BA66D05003DB632 /* Release */ = {
			isa = XCBuildConfiguration;
			buildSettings = {
				ALWAYS_SEARCH_USER_PATHS = NO;
				CLANG_CXX_LANGUAGE_STANDARD = "gnu++0x";
				CLANG_CXX_LIBRARY = "libc++";
				CLANG_ENABLE_MODULES = YES;
				CLANG_ENABLE_OBJC_ARC = YES;
				CLANG_WARN_BOOL_CONVERSION = YES;
				CLANG_WARN_CONSTANT_CONVERSION = YES;
				CLANG_WARN_DIRECT_OBJC_ISA_USAGE = YES_ERROR;
				CLANG_WARN_EMPTY_BODY = YES;
				CLANG_WARN_ENUM_CONVERSION = YES;
				CLANG_WARN_INT_CONVERSION = YES;
				CLANG_WARN_OBJC_ROOT_CLASS = YES_ERROR;
				CLANG_WARN_UNREACHABLE_CODE = YES;
				CLANG_WARN__DUPLICATE_METHOD_MATCH = YES;
				"CODE_SIGN_IDENTITY[sdk=iphoneos*]" = "iPhone Developer";
				COPY_PHASE_STRIP = NO;
				DEBUG_INFORMATION_FORMAT = "dwarf-with-dsym";
				ENABLE_NS_ASSERTIONS = NO;
				ENABLE_STRICT_OBJC_MSGSEND = YES;
				GCC_C_LANGUAGE_STANDARD = gnu99;
				GCC_NO_COMMON_BLOCKS = YES;
				GCC_WARN_64_TO_32_BIT_CONVERSION = YES;
				GCC_WARN_ABOUT_RETURN_TYPE = YES_ERROR;
				GCC_WARN_UNDECLARED_SELECTOR = YES;
				GCC_WARN_UNINITIALIZED_AUTOS = YES_AGGRESSIVE;
				GCC_WARN_UNUSED_FUNCTION = YES;
				GCC_WARN_UNUSED_VARIABLE = YES;
				IPHONEOS_DEPLOYMENT_TARGET = 8.4;
				MTL_ENABLE_DEBUG_INFO = NO;
				SDKROOT = iphoneos;
				TARGETED_DEVICE_FAMILY = 2;
				VALIDATE_PRODUCT = YES;
			};
			name = Release;
		};
		FA9B7D8C1BA66D05003DB632 /* Debug */ = {
			isa = XCBuildConfiguration;
			buildSettings = {
				ASSETCATALOG_COMPILER_APPICON_NAME = AppIcon;
				ASSETCATALOG_COMPILER_LAUNCHIMAGE_NAME = BrandAsset;
				CODE_SIGN_IDENTITY = "iPhone Developer";
				"CODE_SIGN_IDENTITY[sdk=iphoneos*]" = "iPhone Developer";
				INFOPLIST_FILE = literacy_2015ogaki/Info.plist;
				IPHONEOS_DEPLOYMENT_TARGET = 8.3;
				LD_RUNPATH_SEARCH_PATHS = "$(inherited) @executable_path/Frameworks";
				PRODUCT_NAME = "$(TARGET_NAME)";
				PROVISIONING_PROFILE = "";
			};
			name = Debug;
		};
		FA9B7D8D1BA66D05003DB632 /* Release */ = {
			isa = XCBuildConfiguration;
			buildSettings = {
				ASSETCATALOG_COMPILER_APPICON_NAME = AppIcon;
				ASSETCATALOG_COMPILER_LAUNCHIMAGE_NAME = BrandAsset;
				CODE_SIGN_IDENTITY = "iPhone Developer";
				"CODE_SIGN_IDENTITY[sdk=iphoneos*]" = "iPhone Developer";
				INFOPLIST_FILE = literacy_2015ogaki/Info.plist;
				IPHONEOS_DEPLOYMENT_TARGET = 8.3;
				LD_RUNPATH_SEARCH_PATHS = "$(inherited) @executable_path/Frameworks";
				PRODUCT_NAME = "$(TARGET_NAME)";
				PROVISIONING_PROFILE = "";
			};
			name = Release;
		};
		FA9B7D8F1BA66D05003DB632 /* Debug */ = {
			isa = XCBuildConfiguration;
			buildSettings = {
				BUNDLE_LOADER = "$(TEST_HOST)";
				FRAMEWORK_SEARCH_PATHS = (
					"$(SDKROOT)/Developer/Library/Frameworks",
					"$(inherited)",
				);
				GCC_PREPROCESSOR_DEFINITIONS = (
					"DEBUG=1",
					"$(inherited)",
				);
				INFOPLIST_FILE = literacy_2015ogakiTests/Info.plist;
				LD_RUNPATH_SEARCH_PATHS = "$(inherited) @executable_path/Frameworks @loader_path/Frameworks";
				PRODUCT_NAME = "$(TARGET_NAME)";
				TEST_HOST = "$(BUILT_PRODUCTS_DIR)/literacy_2015ogaki.app/literacy_2015ogaki";
			};
			name = Debug;
		};
		FA9B7D901BA66D05003DB632 /* Release */ = {
			isa = XCBuildConfiguration;
			buildSettings = {
				BUNDLE_LOADER = "$(TEST_HOST)";
				FRAMEWORK_SEARCH_PATHS = (
					"$(SDKROOT)/Developer/Library/Frameworks",
					"$(inherited)",
				);
				INFOPLIST_FILE = literacy_2015ogakiTests/Info.plist;
				LD_RUNPATH_SEARCH_PATHS = "$(inherited) @executable_path/Frameworks @loader_path/Frameworks";
				PRODUCT_NAME = "$(TARGET_NAME)";
				TEST_HOST = "$(BUILT_PRODUCTS_DIR)/literacy_2015ogaki.app/literacy_2015ogaki";
			};
			name = Release;
		};
/* End XCBuildConfiguration section */

/* Begin XCConfigurationList section */
		FA9B7D641BA66D05003DB632 /* Build configuration list for PBXProject "literacy_2015ogaki" */ = {
			isa = XCConfigurationList;
			buildConfigurations = (
				FA9B7D891BA66D05003DB632 /* Debug */,
				FA9B7D8A1BA66D05003DB632 /* Release */,
			);
			defaultConfigurationIsVisible = 0;
			defaultConfigurationName = Release;
		};
		FA9B7D8B1BA66D05003DB632 /* Build configuration list for PBXNativeTarget "literacy_2015ogaki" */ = {
			isa = XCConfigurationList;
			buildConfigurations = (
				FA9B7D8C1BA66D05003DB632 /* Debug */,
				FA9B7D8D1BA66D05003DB632 /* Release */,
			);
			defaultConfigurationIsVisible = 0;
			defaultConfigurationName = Release;
		};
		FA9B7D8E1BA66D05003DB632 /* Build configuration list for PBXNativeTarget "literacy_2015ogakiTests" */ = {
			isa = XCConfigurationList;
			buildConfigurations = (
				FA9B7D8F1BA66D05003DB632 /* Debug */,
				FA9B7D901BA66D05003DB632 /* Release */,
			);
			defaultConfigurationIsVisible = 0;
			defaultConfigurationName = Release;
		};
/* End XCConfigurationList section */

/* Begin XCVersionGroup section */
		FA9B7D701BA66D05003DB632 /* literacy_2015ogaki.xcdatamodeld */ = {
			isa = XCVersionGroup;
			children = (
				FA9B7D711BA66D05003DB632 /* literacy_2015ogaki.xcdatamodel */,
			);
			currentVersion = FA9B7D711BA66D05003DB632 /* literacy_2015ogaki.xcdatamodel */;
			path = literacy_2015ogaki.xcdatamodeld;
			sourceTree = "<group>";
			versionGroupType = wrapper.xcdatamodel;
		};
/* End XCVersionGroup section */
	};
	rootObject = FA9B7D611BA66D05003DB632 /* Project object */;
}
